// !$*UTF8*$!
{
	archiveVersion = 1;
	classes = {
	};
	objectVersion = 48;
	objects = {

/* Begin PBXBuildFile section */
		41A54A9F1F636F17007642CC /* Prover.swift in Sources */ = {isa = PBXBuildFile; fileRef = 41A54A9E1F636F17007642CC /* Prover.swift */; };
		41DBEAD61F632F6600E88438 /* Inference.swift in Sources */ = {isa = PBXBuildFile; fileRef = 41DBEAD51F632F6600E88438 /* Inference.swift */; };
		41DBEAD81F63314B00E88438 /* Sequent.swift in Sources */ = {isa = PBXBuildFile; fileRef = 41DBEAD71F63314A00E88438 /* Sequent.swift */; };
		41DBEADA1F63317C00E88438 /* Proposition.swift in Sources */ = {isa = PBXBuildFile; fileRef = 41DBEAD91F63317C00E88438 /* Proposition.swift */; };
		41E131841F63189500A04939 /* main.swift in Sources */ = {isa = PBXBuildFile; fileRef = 41E131831F63189500A04939 /* main.swift */; };
/* End PBXBuildFile section */

/* Begin PBXCopyFilesBuildPhase section */
		41E1317E1F63189500A04939 /* CopyFiles */ = {
			isa = PBXCopyFilesBuildPhase;
			buildActionMask = 2147483647;
			dstPath = /usr/share/man/man1/;
			dstSubfolderSpec = 0;
			files = (
			);
			runOnlyForDeploymentPostprocessing = 1;
		};
/* End PBXCopyFilesBuildPhase section */

/* Begin PBXFileReference section */
		414858651F66FBB600530865 /* README.md */ = {isa = PBXFileReference; lastKnownFileType = net.daringfireball.markdown; path = README.md; sourceTree = "<group>"; };
		41A54A9E1F636F17007642CC /* Prover.swift */ = {isa = PBXFileReference; lastKnownFileType = sourcecode.swift; path = Prover.swift; sourceTree = "<group>"; };
		41DBEAD51F632F6600E88438 /* Inference.swift */ = {isa = PBXFileReference; fileEncoding = 4; lastKnownFileType = sourcecode.swift; path = Inference.swift; sourceTree = "<group>"; };
		41DBEAD71F63314A00E88438 /* Sequent.swift */ = {isa = PBXFileReference; fileEncoding = 4; lastKnownFileType = sourcecode.swift; path = Sequent.swift; sourceTree = "<group>"; };
		41DBEAD91F63317C00E88438 /* Proposition.swift */ = {isa = PBXFileReference; fileEncoding = 4; lastKnownFileType = sourcecode.swift; path = Proposition.swift; sourceTree = "<group>"; };
		41E131801F63189500A04939 /* system-lk */ = {isa = PBXFileReference; explicitFileType = "compiled.mach-o.executable"; includeInIndex = 0; path = "system-lk"; sourceTree = BUILT_PRODUCTS_DIR; };
		41E131831F63189500A04939 /* main.swift */ = {isa = PBXFileReference; lastKnownFileType = sourcecode.swift; path = main.swift; sourceTree = "<group>"; };
/* End PBXFileReference section */

/* Begin PBXFrameworksBuildPhase section */
		41E1317D1F63189500A04939 /* Frameworks */ = {
			isa = PBXFrameworksBuildPhase;
			buildActionMask = 2147483647;
			files = (
			);
			runOnlyForDeploymentPostprocessing = 0;
		};
/* End PBXFrameworksBuildPhase section */

/* Begin PBXGroup section */
		41E131771F63189500A04939 = {
			isa = PBXGroup;
			children = (
				414858651F66FBB600530865 /* README.md */,
				41E131821F63189500A04939 /* system-lk */,
				41E131811F63189500A04939 /* Products */,
			);
			sourceTree = "<group>";
		};
		41E131811F63189500A04939 /* Products */ = {
			isa = PBXGroup;
			children = (
				41E131801F63189500A04939 /* system-lk */,
			);
			name = Products;
			sourceTree = "<group>";
		};
		41E131821F63189500A04939 /* system-lk */ = {
			isa = PBXGroup;
			children = (
				41E131831F63189500A04939 /* main.swift */,
				41A54A9E1F636F17007642CC /* Prover.swift */,
				41DBEAD91F63317C00E88438 /* Proposition.swift */,
				41DBEAD71F63314A00E88438 /* Sequent.swift */,
				41DBEAD51F632F6600E88438 /* Inference.swift */,
			);
			path = "system-lk";
			sourceTree = "<group>";
		};
/* End PBXGroup section */

/* Begin PBXNativeTarget section */
		41E1317F1F63189500A04939 /* system-lk */ = {
			isa = PBXNativeTarget;
			buildConfigurationList = 41E131871F63189500A04939 /* Build configuration list for PBXNativeTarget "system-lk" */;
			buildPhases = (
				41E1317C1F63189500A04939 /* Sources */,
				41E1317D1F63189500A04939 /* Frameworks */,
				41E1317E1F63189500A04939 /* CopyFiles */,
			);
			buildRules = (
			);
			dependencies = (
			);
			name = "system-lk";
			productName = "system-lk";
			productReference = 41E131801F63189500A04939 /* system-lk */;
			productType = "com.apple.product-type.tool";
		};
/* End PBXNativeTarget section */

/* Begin PBXProject section */
		41E131781F63189500A04939 /* Project object */ = {
			isa = PBXProject;
			attributes = {
				LastSwiftUpdateCheck = 0900;
				LastUpgradeCheck = 0900;
				ORGANIZATIONNAME = "Mert Dumenci";
				TargetAttributes = {
					41E1317F1F63189500A04939 = {
						CreatedOnToolsVersion = 9.0;
						ProvisioningStyle = Automatic;
					};
				};
			};
			buildConfigurationList = 41E1317B1F63189500A04939 /* Build configuration list for PBXProject "system-lk" */;
			compatibilityVersion = "Xcode 8.0";
			developmentRegion = en;
			hasScannedForEncodings = 0;
			knownRegions = (
				en,
			);
			mainGroup = 41E131771F63189500A04939;
			productRefGroup = 41E131811F63189500A04939 /* Products */;
			projectDirPath = "";
			projectRoot = "";
			targets = (
				41E1317F1F63189500A04939 /* system-lk */,
			);
		};
/* End PBXProject section */

/* Begin PBXSourcesBuildPhase section */
		41E1317C1F63189500A04939 /* Sources */ = {
			isa = PBXSourcesBuildPhase;
			buildActionMask = 2147483647;
			files = (
				41E131841F63189500A04939 /* main.swift in Sources */,
				41DBEAD61F632F6600E88438 /* Inference.swift in Sources */,
				41A54A9F1F636F17007642CC /* Prover.swift in Sources */,
				41DBEADA1F63317C00E88438 /* Proposition.swift in Sources */,
				41DBEAD81F63314B00E88438 /* Sequent.swift in Sources */,
			);
			runOnlyForDeploymentPostprocessing = 0;
		};
/* End PBXSourcesBuildPhase section */

/* Begin XCBuildConfiguration section */
		41E131851F63189500A04939 /* Debug */ = {
			isa = XCBuildConfiguration;
			buildSettings = {
				ALWAYS_SEARCH_USER_PATHS = NO;
				CLANG_ANALYZER_NONNULL = YES;
				CLANG_ANALYZER_NUMBER_OBJECT_CONVERSION = YES_AGGRESSIVE;
				CLANG_CXX_LANGUAGE_STANDARD = "gnu++14";
				CLANG_CXX_LIBRARY = "libc++";
				CLANG_ENABLE_MODULES = YES;
				CLANG_ENABLE_OBJC_ARC = YES;
				CLANG_WARN_BLOCK_CAPTURE_AUTORELEASING = YES;
				CLANG_WARN_BOOL_CONVERSION = YES;
				CLANG_WARN_COMMA = YES;
				CLANG_WARN_CONSTANT_CONVERSION = YES;
				CLANG_WARN_DIRECT_OBJC_ISA_USAGE = YES_ERROR;
				CLANG_WARN_DOCUMENTATION_COMMENTS = YES;
				CLANG_WARN_EMPTY_BODY = YES;
				CLANG_WARN_ENUM_CONVERSION = YES;
				CLANG_WARN_INFINITE_RECURSION = YES;
				CLANG_WARN_INT_CONVERSION = YES;
				CLANG_WARN_NON_LITERAL_NULL_CONVERSION = YES;
				CLANG_WARN_OBJC_LITERAL_CONVERSION = YES;
				CLANG_WARN_OBJC_ROOT_CLASS = YES_ERROR;
				CLANG_WARN_RANGE_LOOP_ANALYSIS = YES;
				CLANG_WARN_STRICT_PROTOTYPES = YES;
				CLANG_WARN_SUSPICIOUS_MOVE = YES;
				CLANG_WARN_UNGUARDED_AVAILABILITY = YES_AGGRESSIVE;
				CLANG_WARN_UNREACHABLE_CODE = YES;
				CLANG_WARN__DUPLICATE_METHOD_MATCH = YES;
				CODE_SIGN_IDENTITY = "-";
				COPY_PHASE_STRIP = NO;
				DEBUG_INFORMATION_FORMAT = dwarf;
				ENABLE_STRICT_OBJC_MSGSEND = YES;
				ENABLE_TESTABILITY = YES;
				GCC_C_LANGUAGE_STANDARD = gnu11;
				GCC_DYNAMIC_NO_PIC = NO;
				GCC_NO_COMMON_BLOCKS = YES;
				GCC_OPTIMIZATION_LEVEL = 0;
				GCC_PREPROCESSOR_DEFINITIONS = (
					"DEBUG=1",
					"$(inherited)",
				);
				GCC_WARN_64_TO_32_BIT_CONVERSION = YES;
				GCC_WARN_ABOUT_RETURN_TYPE = YES_ERROR;
				GCC_WARN_UNDECLARED_SELECTOR = YES;
				GCC_WARN_UNINITIALIZED_AUTOS = YES_AGGRESSIVE;
				GCC_WARN_UNUSED_FUNCTION = YES;
				GCC_WARN_UNUSED_VARIABLE = YES;
				MACOSX_DEPLOYMENT_TARGET = 10.12;
				MTL_ENABLE_DEBUG_INFO = YES;
				ONLY_ACTIVE_ARCH = YES;
				SDKROOT = macosx;
				SWIFT_ACTIVE_COMPILATION_CONDITIONS = DEBUG;
				SWIFT_OPTIMIZATION_LEVEL = "-Onone";
			};
			name = Debug;
		};
		41E131861F63189500A04939 /* Release */ = {
			isa = XCBuildConfiguration;
			buildSettings = {
				ALWAYS_SEARCH_USER_PATHS = NO;
				CLANG_ANALYZER_NONNULL = YES;
				CLANG_ANALYZER_NUMBER_OBJECT_CONVERSION = YES_AGGRESSIVE;
				CLANG_CXX_LANGUAGE_STANDARD = "gnu++14";
				CLANG_CXX_LIBRARY = "libc++";
				CLANG_ENABLE_MODULES = YES;
				CLANG_ENABLE_OBJC_ARC = YES;
				CLANG_WARN_BLOCK_CAPTURE_AUTORELEASING = YES;
				CLANG_WARN_BOOL_CONVERSION = YES;
				CLANG_WARN_COMMA = YES;
				CLANG_WARN_CONSTANT_CONVERSION = YES;
				CLANG_WARN_DIRECT_OBJC_ISA_USAGE = YES_ERROR;
				CLANG_WARN_DOCUMENTATION_COMMENTS = YES;
				CLANG_WARN_EMPTY_BODY = YES;
				CLANG_WARN_ENUM_CONVERSION = YES;
				CLANG_WARN_INFINITE_RECURSION = YES;
				CLANG_WARN_INT_CONVERSION = YES;
				CLANG_WARN_NON_LITERAL_NULL_CONVERSION = YES;
				CLANG_WARN_OBJC_LITERAL_CONVERSION = YES;
				CLANG_WARN_OBJC_ROOT_CLASS = YES_ERROR;
				CLANG_WARN_RANGE_LOOP_ANALYSIS = YES;
				CLANG_WARN_STRICT_PROTOTYPES = YES;
				CLANG_WARN_SUSPICIOUS_MOVE = YES;
				CLANG_WARN_UNGUARDED_AVAILABILITY = YES_AGGRESSIVE;
				CLANG_WARN_UNREACHABLE_CODE = YES;
				CLANG_WARN__DUPLICATE_METHOD_MATCH = YES;
				CODE_SIGN_IDENTITY = "-";
				COPY_PHASE_STRIP = NO;
				DEBUG_INFORMATION_FORMAT = "dwarf-with-dsym";
				ENABLE_NS_ASSERTIONS = NO;
				ENABLE_STRICT_OBJC_MSGSEND = YES;
				GCC_C_LANGUAGE_STANDARD = gnu11;
				GCC_NO_COMMON_BLOCKS = YES;
				GCC_WARN_64_TO_32_BIT_CONVERSION = YES;
				GCC_WARN_ABOUT_RETURN_TYPE = YES_ERROR;
				GCC_WARN_UNDECLARED_SELECTOR = YES;
				GCC_WARN_UNINITIALIZED_AUTOS = YES_AGGRESSIVE;
				GCC_WARN_UNUSED_FUNCTION = YES;
				GCC_WARN_UNUSED_VARIABLE = YES;
				MACOSX_DEPLOYMENT_TARGET = 10.12;
				MTL_ENABLE_DEBUG_INFO = NO;
				SDKROOT = macosx;
				SWIFT_OPTIMIZATION_LEVEL = "-Owholemodule";
			};
			name = Release;
		};
		41E131881F63189500A04939 /* Debug */ = {
			isa = XCBuildConfiguration;
			buildSettings = {
				CODE_SIGN_STYLE = Automatic;
				PRODUCT_NAME = "$(TARGET_NAME)";
				SWIFT_VERSION = 4.0;
			};
			name = Debug;
		};
		41E131891F63189500A04939 /* Release */ = {
			isa = XCBuildConfiguration;
			buildSettings = {
				CODE_SIGN_STYLE = Automatic;
				PRODUCT_NAME = "$(TARGET_NAME)";
				SWIFT_VERSION = 4.0;
			};
			name = Release;
		};
/* End XCBuildConfiguration section */

/* Begin XCConfigurationList section */
		41E1317B1F63189500A04939 /* Build configuration list for PBXProject "system-lk" */ = {
			isa = XCConfigurationList;
			buildConfigurations = (
				41E131851F63189500A04939 /* Debug */,
				41E131861F63189500A04939 /* Release */,
			);
			defaultConfigurationIsVisible = 0;
			defaultConfigurationName = Release;
		};
		41E131871F63189500A04939 /* Build configuration list for PBXNativeTarget "system-lk" */ = {
			isa = XCConfigurationList;
			buildConfigurations = (
				41E131881F63189500A04939 /* Debug */,
				41E131891F63189500A04939 /* Release */,
			);
			defaultConfigurationIsVisible = 0;
			defaultConfigurationName = Release;
		};
/* End XCConfigurationList section */
	};
	rootObject = 41E131781F63189500A04939 /* Project object */;
}
